{
  "originHash" : "df238ed45fa0f71c1947d8fc761a26995c6789fea54bc208db22bf76cadc8455",
  "pins" : [
    {
      "identity" : "appfoundation",
      "kind" : "remoteSourceControl",
      "location" : "https://github.com/hiramvazquez/AppFoundation.git",
      "state" : {
        "revision" : "2c312b8e0067050ca8806d6e57b85ee1de46f3e6",
        "version" : "1.3.1"
      }
    },
    {
      "identity" : "corenetworking",
      "kind" : "remoteSourceControl",
      "location" : "https://github.com/hiramvazquez/CoreNetworking.git",
      "state" : {
        "revision" : "211357c1d564c686ced62dd49df528cf514f922c",
        "version" : "1.2.2"
      }
    }
  ],
  "version" : 3
}
