{
  "originHash" : "fef8fb9ddd136fd2da2d751db7b76a370de4e12e5a5c057fa97ea6c0ad06d845",
  "pins" : [
    {
      "identity" : "appfoundation",
      "kind" : "remoteSourceControl",
      "location" : "https://github.com/hiramvazquez/AppFoundation.git",
      "state" : {
        "revision" : "41a31adcd6e72706b15082cf47ef302d3bbdde6c",
        "version" : "1.0.1"
      }
    },
    {
      "identity" : "corenetworking",
      "kind" : "remoteSourceControl",
      "location" : "https://github.com/hiramvazquez/CoreNetworking.git",
      "state" : {
        "revision" : "1991cedbc401cc2a18c2482cb942ea77d7fc9c2b",
        "version" : "1.0.0"
      }
    },
    {
      "identity" : "swiftlintplugins",
      "kind" : "remoteSourceControl",
      "location" : "https://github.com/SimplyDanny/SwiftLintPlugins",
      "state" : {
        "revision" : "ef7d692fc6706e8f5628e26bcafaefa445c58a97",
        "version" : "0.65.1"
      }
    }
  ],
  "version" : 3
}
