{
  "originHash" : "bd49d669dd659941c2852d750c25b54088a28ef54c451c6904306981d1ee971b",
  "pins" : [
    {
      "identity" : "appfoundation",
      "kind" : "remoteSourceControl",
      "location" : "https://github.com/hiramvazquez/AppFoundation.git",
      "state" : {
        "revision" : "8fe0d0a3fd04cc93ad870d58e78edf0bf8749dc4",
        "version" : "1.2.2"
      }
    },
    {
      "identity" : "corenetworking",
      "kind" : "remoteSourceControl",
      "location" : "https://github.com/hiramvazquez/CoreNetworking.git",
      "state" : {
        "revision" : "1991cedbc401cc2a18c2482cb942ea77d7fc9c2b",
        "version" : "1.0.0"
      }
    }
  ],
  "version" : 3
}
