{
  "originHash" : "4576df606d8ec4444fbe0010fdef79bfb86fd5c684fb2395e331ba5b6b7b75a9",
  "pins" : [
    {
      "identity" : "appfoundation",
      "kind" : "remoteSourceControl",
      "location" : "https://github.com/hiramvazquez/AppFoundation.git",
      "state" : {
        "revision" : "88d87b576620a520bb164762ccf4ed06b42dba95",
        "version" : "1.2.3"
      }
    },
    {
      "identity" : "corenetworking",
      "kind" : "remoteSourceControl",
      "location" : "https://github.com/hiramvazquez/CoreNetworking.git",
      "state" : {
        "revision" : "1991cedbc401cc2a18c2482cb942ea77d7fc9c2b",
        "version" : "1.0.0"
      }
    }
  ],
  "version" : 3
}
